// !$*UTF8*$!
{
	archiveVersion = 1;
	classes = {
	};
	objectVersion = 46;
	objects = {

/* Begin PBXBuildFile section */
		0386D4871C99159B0052B643 /* User.swift in Sources */ = {isa = PBXBuildFile; fileRef = 0386D4861C99159B0052B643 /* User.swift */; };
		0386D48D1C991F8D0052B643 /* UserAnnotation.swift in Sources */ = {isa = PBXBuildFile; fileRef = 0386D48C1C991F8D0052B643 /* UserAnnotation.swift */; };
		03A519C61CA4369900A39661 /* dogWalker.jpg in Resources */ = {isa = PBXBuildFile; fileRef = 03A519C51CA4369900A39661 /* dogWalker.jpg */; };
		03CB3E2F1CAA0FC0007B542E /* Scheduling.swift in Sources */ = {isa = PBXBuildFile; fileRef = 03CB3E2E1CAA0FC0007B542E /* Scheduling.swift */; };
		03CB3E311CAA2587007B542E /* HistoryTableViewCell.swift in Sources */ = {isa = PBXBuildFile; fileRef = 03CB3E301CAA2587007B542E /* HistoryTableViewCell.swift */; };
		AC3BF86C1C98C78F00CB6983 /* AppDelegate.swift in Sources */ = {isa = PBXBuildFile; fileRef = AC3BF86B1C98C78F00CB6983 /* AppDelegate.swift */; };
		AC3BF8711C98C78F00CB6983 /* Main.storyboard in Resources */ = {isa = PBXBuildFile; fileRef = AC3BF86F1C98C78F00CB6983 /* Main.storyboard */; };
		AC3BF8731C98C78F00CB6983 /* Assets.xcassets in Resources */ = {isa = PBXBuildFile; fileRef = AC3BF8721C98C78F00CB6983 /* Assets.xcassets */; };
		AC3BF8761C98C78F00CB6983 /* LaunchScreen.storyboard in Resources */ = {isa = PBXBuildFile; fileRef = AC3BF8741C98C78F00CB6983 /* LaunchScreen.storyboard */; };
		AC3BF8811C98C78F00CB6983 /* Dog_WalkerTests.swift in Sources */ = {isa = PBXBuildFile; fileRef = AC3BF8801C98C78F00CB6983 /* Dog_WalkerTests.swift */; };
		AC3BF88C1C98C78F00CB6983 /* Dog_WalkerUITests.swift in Sources */ = {isa = PBXBuildFile; fileRef = AC3BF88B1C98C78F00CB6983 /* Dog_WalkerUITests.swift */; };
		AC3BF89A1C98CB7C00CB6983 /* MapaViewController.swift in Sources */ = {isa = PBXBuildFile; fileRef = AC3BF8991C98CB7C00CB6983 /* MapaViewController.swift */; };
		AC3BF89C1C98CC3D00CB6983 /* SchedulingViewController.swift in Sources */ = {isa = PBXBuildFile; fileRef = AC3BF89B1C98CC3D00CB6983 /* SchedulingViewController.swift */; };
		AC3BF89E1C98D45B00CB6983 /* LoginViewController.swift in Sources */ = {isa = PBXBuildFile; fileRef = AC3BF89D1C98D45B00CB6983 /* LoginViewController.swift */; };
		AC3BF8A01C98D5D900CB6983 /* MapKit.framework in Frameworks */ = {isa = PBXBuildFile; fileRef = AC3BF89F1C98D5D900CB6983 /* MapKit.framework */; };
		AC85257F1C98DF05002C8E79 /* HistoryTableViewController.swift in Sources */ = {isa = PBXBuildFile; fileRef = AC85257E1C98DF05002C8E79 /* HistoryTableViewController.swift */; };
		AC8525811C98E0BB002C8E79 /* DetailViewController.swift in Sources */ = {isa = PBXBuildFile; fileRef = AC8525801C98E0BB002C8E79 /* DetailViewController.swift */; };
		AC8525831C98E1F1002C8E79 /* DetailWaitingViewController.swift in Sources */ = {isa = PBXBuildFile; fileRef = AC8525821C98E1F1002C8E79 /* DetailWaitingViewController.swift */; };
		AC8525861C98E657002C8E79 /* Firebase.framework in Frameworks */ = {isa = PBXBuildFile; fileRef = AC8525851C98E657002C8E79 /* Firebase.framework */; };
		AC8525881C98E6E5002C8E79 /* CFNetwork.framework in Frameworks */ = {isa = PBXBuildFile; fileRef = AC8525871C98E6E5002C8E79 /* CFNetwork.framework */; };
		AC85258A1C98E6EF002C8E79 /* Security.framework in Frameworks */ = {isa = PBXBuildFile; fileRef = AC8525891C98E6EF002C8E79 /* Security.framework */; };
		AC85258C1C98E6FB002C8E79 /* SystemConfiguration.framework in Frameworks */ = {isa = PBXBuildFile; fileRef = AC85258B1C98E6FB002C8E79 /* SystemConfiguration.framework */; };
		AC85258E1C98E753002C8E79 /* libicucore.tbd in Frameworks */ = {isa = PBXBuildFile; fileRef = AC85258D1C98E753002C8E79 /* libicucore.tbd */; };
		AC8525901C98E75E002C8E79 /* libc++.tbd in Frameworks */ = {isa = PBXBuildFile; fileRef = AC85258F1C98E75E002C8E79 /* libc++.tbd */; };
		ACFDFAB71CA2092600DAED06 /* CurrentUser.swift in Sources */ = {isa = PBXBuildFile; fileRef = ACFDFAB61CA2092600DAED06 /* CurrentUser.swift */; };
/* End PBXBuildFile section */

/* Begin PBXContainerItemProxy section */
		AC3BF87D1C98C78F00CB6983 /* PBXContainerItemProxy */ = {
			isa = PBXContainerItemProxy;
			containerPortal = AC3BF8601C98C78F00CB6983 /* Project object */;
			proxyType = 1;
			remoteGlobalIDString = AC3BF8671C98C78F00CB6983;
			remoteInfo = "Dog Walker";
		};
		AC3BF8881C98C78F00CB6983 /* PBXContainerItemProxy */ = {
			isa = PBXContainerItemProxy;
			containerPortal = AC3BF8601C98C78F00CB6983 /* Project object */;
			proxyType = 1;
			remoteGlobalIDString = AC3BF8671C98C78F00CB6983;
			remoteInfo = "Dog Walker";
		};
/* End PBXContainerItemProxy section */

/* Begin PBXFileReference section */
		0386D4861C99159B0052B643 /* User.swift */ = {isa = PBXFileReference; fileEncoding = 4; lastKnownFileType = sourcecode.swift; path = User.swift; sourceTree = "<group>"; };
		0386D48C1C991F8D0052B643 /* UserAnnotation.swift */ = {isa = PBXFileReference; fileEncoding = 4; lastKnownFileType = sourcecode.swift; path = UserAnnotation.swift; sourceTree = "<group>"; };
		03A519C51CA4369900A39661 /* dogWalker.jpg */ = {isa = PBXFileReference; lastKnownFileType = image.jpeg; path = dogWalker.jpg; sourceTree = "<group>"; };
		03CB3E2E1CAA0FC0007B542E /* Scheduling.swift */ = {isa = PBXFileReference; fileEncoding = 4; lastKnownFileType = sourcecode.swift; path = Scheduling.swift; sourceTree = "<group>"; };
		03CB3E301CAA2587007B542E /* HistoryTableViewCell.swift */ = {isa = PBXFileReference; fileEncoding = 4; lastKnownFileType = sourcecode.swift; path = HistoryTableViewCell.swift; sourceTree = "<group>"; };
		AC3BF8681C98C78F00CB6983 /* Dog Walker.app */ = {isa = PBXFileReference; explicitFileType = wrapper.application; includeInIndex = 0; path = "Dog Walker.app"; sourceTree = BUILT_PRODUCTS_DIR; };
		AC3BF86B1C98C78F00CB6983 /* AppDelegate.swift */ = {isa = PBXFileReference; lastKnownFileType = sourcecode.swift; path = AppDelegate.swift; sourceTree = "<group>"; };
		AC3BF8701C98C78F00CB6983 /* Base */ = {isa = PBXFileReference; lastKnownFileType = file.storyboard; name = Base; path = Base.lproj/Main.storyboard; sourceTree = "<group>"; };
		AC3BF8721C98C78F00CB6983 /* Assets.xcassets */ = {isa = PBXFileReference; lastKnownFileType = folder.assetcatalog; path = Assets.xcassets; sourceTree = "<group>"; };
		AC3BF8751C98C78F00CB6983 /* Base */ = {isa = PBXFileReference; lastKnownFileType = file.storyboard; name = Base; path = Base.lproj/LaunchScreen.storyboard; sourceTree = "<group>"; };
		AC3BF8771C98C78F00CB6983 /* Info.plist */ = {isa = PBXFileReference; lastKnownFileType = text.plist.xml; path = Info.plist; sourceTree = "<group>"; };
		AC3BF87C1C98C78F00CB6983 /* Dog WalkerTests.xctest */ = {isa = PBXFileReference; explicitFileType = wrapper.cfbundle; includeInIndex = 0; path = "Dog WalkerTests.xctest"; sourceTree = BUILT_PRODUCTS_DIR; };
		AC3BF8801C98C78F00CB6983 /* Dog_WalkerTests.swift */ = {isa = PBXFileReference; lastKnownFileType = sourcecode.swift; path = Dog_WalkerTests.swift; sourceTree = "<group>"; };
		AC3BF8821C98C78F00CB6983 /* Info.plist */ = {isa = PBXFileReference; lastKnownFileType = text.plist.xml; path = Info.plist; sourceTree = "<group>"; };
		AC3BF8871C98C78F00CB6983 /* Dog WalkerUITests.xctest */ = {isa = PBXFileReference; explicitFileType = wrapper.cfbundle; includeInIndex = 0; path = "Dog WalkerUITests.xctest"; sourceTree = BUILT_PRODUCTS_DIR; };
		AC3BF88B1C98C78F00CB6983 /* Dog_WalkerUITests.swift */ = {isa = PBXFileReference; lastKnownFileType = sourcecode.swift; path = Dog_WalkerUITests.swift; sourceTree = "<group>"; };
		AC3BF88D1C98C78F00CB6983 /* Info.plist */ = {isa = PBXFileReference; lastKnownFileType = text.plist.xml; path = Info.plist; sourceTree = "<group>"; };
		AC3BF8991C98CB7C00CB6983 /* MapaViewController.swift */ = {isa = PBXFileReference; fileEncoding = 4; lastKnownFileType = sourcecode.swift; name = MapaViewController.swift; path = ../MapaViewController.swift; sourceTree = "<group>"; };
		AC3BF89B1C98CC3D00CB6983 /* SchedulingViewController.swift */ = {isa = PBXFileReference; fileEncoding = 4; lastKnownFileType = sourcecode.swift; name = SchedulingViewController.swift; path = ../SchedulingViewController.swift; sourceTree = "<group>"; };
		AC3BF89D1C98D45B00CB6983 /* LoginViewController.swift */ = {isa = PBXFileReference; fileEncoding = 4; lastKnownFileType = sourcecode.swift; path = LoginViewController.swift; sourceTree = "<group>"; };
		AC3BF89F1C98D5D900CB6983 /* MapKit.framework */ = {isa = PBXFileReference; lastKnownFileType = wrapper.framework; name = MapKit.framework; path = System/Library/Frameworks/MapKit.framework; sourceTree = SDKROOT; };
		AC85257E1C98DF05002C8E79 /* HistoryTableViewController.swift */ = {isa = PBXFileReference; fileEncoding = 4; lastKnownFileType = sourcecode.swift; path = HistoryTableViewController.swift; sourceTree = "<group>"; };
		AC8525801C98E0BB002C8E79 /* DetailViewController.swift */ = {isa = PBXFileReference; fileEncoding = 4; lastKnownFileType = sourcecode.swift; path = DetailViewController.swift; sourceTree = "<group>"; };
		AC8525821C98E1F1002C8E79 /* DetailWaitingViewController.swift */ = {isa = PBXFileReference; fileEncoding = 4; lastKnownFileType = sourcecode.swift; path = DetailWaitingViewController.swift; sourceTree = "<group>"; };
		AC8525851C98E657002C8E79 /* Firebase.framework */ = {isa = PBXFileReference; lastKnownFileType = wrapper.framework; path = Firebase.framework; sourceTree = "<group>"; };
		AC8525871C98E6E5002C8E79 /* CFNetwork.framework */ = {isa = PBXFileReference; lastKnownFileType = wrapper.framework; name = CFNetwork.framework; path = System/Library/Frameworks/CFNetwork.framework; sourceTree = SDKROOT; };
		AC8525891C98E6EF002C8E79 /* Security.framework */ = {isa = PBXFileReference; lastKnownFileType = wrapper.framework; name = Security.framework; path = System/Library/Frameworks/Security.framework; sourceTree = SDKROOT; };
		AC85258B1C98E6FB002C8E79 /* SystemConfiguration.framework */ = {isa = PBXFileReference; lastKnownFileType = wrapper.framework; name = SystemConfiguration.framework; path = System/Library/Frameworks/SystemConfiguration.framework; sourceTree = SDKROOT; };
		AC85258D1C98E753002C8E79 /* libicucore.tbd */ = {isa = PBXFileReference; lastKnownFileType = "sourcecode.text-based-dylib-definition"; name = libicucore.tbd; path = usr/lib/libicucore.tbd; sourceTree = SDKROOT; };
		AC85258F1C98E75E002C8E79 /* libc++.tbd */ = {isa = PBXFileReference; lastKnownFileType = "sourcecode.text-based-dylib-definition"; name = "libc++.tbd"; path = "usr/lib/libc++.tbd"; sourceTree = SDKROOT; };
		ACFDFAB61CA2092600DAED06 /* CurrentUser.swift */ = {isa = PBXFileReference; fileEncoding = 4; lastKnownFileType = sourcecode.swift; name = CurrentUser.swift; path = ../CurrentUser.swift; sourceTree = "<group>"; };
/* End PBXFileReference section */

/* Begin PBXFrameworksBuildPhase section */
		AC3BF8651C98C78F00CB6983 /* Frameworks */ = {
			isa = PBXFrameworksBuildPhase;
			buildActionMask = 2147483647;
			files = (
				AC8525901C98E75E002C8E79 /* libc++.tbd in Frameworks */,
				AC85258E1C98E753002C8E79 /* libicucore.tbd in Frameworks */,
				AC85258C1C98E6FB002C8E79 /* SystemConfiguration.framework in Frameworks */,
				AC85258A1C98E6EF002C8E79 /* Security.framework in Frameworks */,
				AC8525881C98E6E5002C8E79 /* CFNetwork.framework in Frameworks */,
				AC3BF8A01C98D5D900CB6983 /* MapKit.framework in Frameworks */,
				AC8525861C98E657002C8E79 /* Firebase.framework in Frameworks */,
			);
			runOnlyForDeploymentPostprocessing = 0;
		};
		AC3BF8791C98C78F00CB6983 /* Frameworks */ = {
			isa = PBXFrameworksBuildPhase;
			buildActionMask = 2147483647;
			files = (
			);
			runOnlyForDeploymentPostprocessing = 0;
		};
		AC3BF8841C98C78F00CB6983 /* Frameworks */ = {
			isa = PBXFrameworksBuildPhase;
			buildActionMask = 2147483647;
			files = (
			);
			runOnlyForDeploymentPostprocessing = 0;
		};
/* End PBXFrameworksBuildPhase section */

/* Begin PBXGroup section */
		AC3BF85F1C98C78F00CB6983 = {
			isa = PBXGroup;
			children = (
				AC3BF89F1C98D5D900CB6983 /* MapKit.framework */,
				AC3BF86A1C98C78F00CB6983 /* Dog Walker */,
				AC8525841C98E60A002C8E79 /* FireBase */,
				AC3BF87F1C98C78F00CB6983 /* Dog WalkerTests */,
				AC3BF88A1C98C78F00CB6983 /* Dog WalkerUITests */,
				AC3BF8691C98C78F00CB6983 /* Products */,
			);
			sourceTree = "<group>";
		};
		AC3BF8691C98C78F00CB6983 /* Products */ = {
			isa = PBXGroup;
			children = (
				AC3BF8681C98C78F00CB6983 /* Dog Walker.app */,
				AC3BF87C1C98C78F00CB6983 /* Dog WalkerTests.xctest */,
				AC3BF8871C98C78F00CB6983 /* Dog WalkerUITests.xctest */,
			);
			name = Products;
			sourceTree = "<group>";
		};
		AC3BF86A1C98C78F00CB6983 /* Dog Walker */ = {
			isa = PBXGroup;
			children = (
				AC3BF86B1C98C78F00CB6983 /* AppDelegate.swift */,
				ACFDFAB61CA2092600DAED06 /* CurrentUser.swift */,
				AC3BF8991C98CB7C00CB6983 /* MapaViewController.swift */,
				AC3BF89B1C98CC3D00CB6983 /* SchedulingViewController.swift */,
				AC3BF89D1C98D45B00CB6983 /* LoginViewController.swift */,
				AC85257E1C98DF05002C8E79 /* HistoryTableViewController.swift */,
				03CB3E301CAA2587007B542E /* HistoryTableViewCell.swift */,
				AC8525821C98E1F1002C8E79 /* DetailWaitingViewController.swift */,
				AC8525801C98E0BB002C8E79 /* DetailViewController.swift */,
				0386D4861C99159B0052B643 /* User.swift */,
				03CB3E2E1CAA0FC0007B542E /* Scheduling.swift */,
				0386D48C1C991F8D0052B643 /* UserAnnotation.swift */,
				03A519C51CA4369900A39661 /* dogWalker.jpg */,
				AC3BF86F1C98C78F00CB6983 /* Main.storyboard */,
				AC3BF8721C98C78F00CB6983 /* Assets.xcassets */,
				AC3BF8741C98C78F00CB6983 /* LaunchScreen.storyboard */,
				AC3BF8771C98C78F00CB6983 /* Info.plist */,
			);
			path = "Dog Walker";
			sourceTree = "<group>";
		};
		AC3BF87F1C98C78F00CB6983 /* Dog WalkerTests */ = {
			isa = PBXGroup;
			children = (
				AC3BF8801C98C78F00CB6983 /* Dog_WalkerTests.swift */,
				AC3BF8821C98C78F00CB6983 /* Info.plist */,
			);
			path = "Dog WalkerTests";
			sourceTree = "<group>";
		};
		AC3BF88A1C98C78F00CB6983 /* Dog WalkerUITests */ = {
			isa = PBXGroup;
			children = (
				AC3BF88B1C98C78F00CB6983 /* Dog_WalkerUITests.swift */,
				AC3BF88D1C98C78F00CB6983 /* Info.plist */,
			);
			path = "Dog WalkerUITests";
			sourceTree = "<group>";
		};
		AC8525841C98E60A002C8E79 /* FireBase */ = {
			isa = PBXGroup;
			children = (
				AC85258F1C98E75E002C8E79 /* libc++.tbd */,
				AC85258D1C98E753002C8E79 /* libicucore.tbd */,
				AC85258B1C98E6FB002C8E79 /* SystemConfiguration.framework */,
				AC8525891C98E6EF002C8E79 /* Security.framework */,
				AC8525871C98E6E5002C8E79 /* CFNetwork.framework */,
				AC8525851C98E657002C8E79 /* Firebase.framework */,
			);
			name = FireBase;
			sourceTree = "<group>";
		};
/* End PBXGroup section */

/* Begin PBXNativeTarget section */
		AC3BF8671C98C78F00CB6983 /* Dog Walker */ = {
			isa = PBXNativeTarget;
			buildConfigurationList = AC3BF8901C98C78F00CB6983 /* Build configuration list for PBXNativeTarget "Dog Walker" */;
			buildPhases = (
				AC3BF8641C98C78F00CB6983 /* Sources */,
				AC3BF8651C98C78F00CB6983 /* Frameworks */,
				AC3BF8661C98C78F00CB6983 /* Resources */,
			);
			buildRules = (
			);
			dependencies = (
			);
			name = "Dog Walker";
			productName = "Dog Walker";
			productReference = AC3BF8681C98C78F00CB6983 /* Dog Walker.app */;
			productType = "com.apple.product-type.application";
		};
		AC3BF87B1C98C78F00CB6983 /* Dog WalkerTests */ = {
			isa = PBXNativeTarget;
			buildConfigurationList = AC3BF8931C98C78F00CB6983 /* Build configuration list for PBXNativeTarget "Dog WalkerTests" */;
			buildPhases = (
				AC3BF8781C98C78F00CB6983 /* Sources */,
				AC3BF8791C98C78F00CB6983 /* Frameworks */,
				AC3BF87A1C98C78F00CB6983 /* Resources */,
			);
			buildRules = (
			);
			dependencies = (
				AC3BF87E1C98C78F00CB6983 /* PBXTargetDependency */,
			);
			name = "Dog WalkerTests";
			productName = "Dog WalkerTests";
			productReference = AC3BF87C1C98C78F00CB6983 /* Dog WalkerTests.xctest */;
			productType = "com.apple.product-type.bundle.unit-test";
		};
		AC3BF8861C98C78F00CB6983 /* Dog WalkerUITests */ = {
			isa = PBXNativeTarget;
			buildConfigurationList = AC3BF8961C98C78F00CB6983 /* Build configuration list for PBXNativeTarget "Dog WalkerUITests" */;
			buildPhases = (
				AC3BF8831C98C78F00CB6983 /* Sources */,
				AC3BF8841C98C78F00CB6983 /* Frameworks */,
				AC3BF8851C98C78F00CB6983 /* Resources */,
			);
			buildRules = (
			);
			dependencies = (
				AC3BF8891C98C78F00CB6983 /* PBXTargetDependency */,
			);
			name = "Dog WalkerUITests";
			productName = "Dog WalkerUITests";
			productReference = AC3BF8871C98C78F00CB6983 /* Dog WalkerUITests.xctest */;
			productType = "com.apple.product-type.bundle.ui-testing";
		};
/* End PBXNativeTarget section */

/* Begin PBXProject section */
		AC3BF8601C98C78F00CB6983 /* Project object */ = {
			isa = PBXProject;
			attributes = {
				LastSwiftUpdateCheck = 0720;
				LastUpgradeCheck = 0720;
				ORGANIZATIONNAME = FIAP;
				TargetAttributes = {
					AC3BF8671C98C78F00CB6983 = {
						CreatedOnToolsVersion = 7.2;
						DevelopmentTeam = Y7ML9J4KYC;
						SystemCapabilities = {
							com.apple.Maps.iOS = {
								enabled = 1;
							};
						};
					};
					AC3BF87B1C98C78F00CB6983 = {
						CreatedOnToolsVersion = 7.2;
						TestTargetID = AC3BF8671C98C78F00CB6983;
					};
					AC3BF8861C98C78F00CB6983 = {
						CreatedOnToolsVersion = 7.2;
						TestTargetID = AC3BF8671C98C78F00CB6983;
					};
				};
			};
			buildConfigurationList = AC3BF8631C98C78F00CB6983 /* Build configuration list for PBXProject "Dog Walker" */;
			compatibilityVersion = "Xcode 3.2";
			developmentRegion = English;
			hasScannedForEncodings = 0;
			knownRegions = (
				en,
				Base,
			);
			mainGroup = AC3BF85F1C98C78F00CB6983;
			productRefGroup = AC3BF8691C98C78F00CB6983 /* Products */;
			projectDirPath = "";
			projectRoot = "";
			targets = (
				AC3BF8671C98C78F00CB6983 /* Dog Walker */,
				AC3BF87B1C98C78F00CB6983 /* Dog WalkerTests */,
				AC3BF8861C98C78F00CB6983 /* Dog WalkerUITests */,
			);
		};
/* End PBXProject section */

/* Begin PBXResourcesBuildPhase section */
		AC3BF8661C98C78F00CB6983 /* Resources */ = {
			isa = PBXResourcesBuildPhase;
			buildActionMask = 2147483647;
			files = (
				03A519C61CA4369900A39661 /* dogWalker.jpg in Resources */,
				AC3BF8761C98C78F00CB6983 /* LaunchScreen.storyboard in Resources */,
				AC3BF8731C98C78F00CB6983 /* Assets.xcassets in Resources */,
				AC3BF8711C98C78F00CB6983 /* Main.storyboard in Resources */,
			);
			runOnlyForDeploymentPostprocessing = 0;
		};
		AC3BF87A1C98C78F00CB6983 /* Resources */ = {
			isa = PBXResourcesBuildPhase;
			buildActionMask = 2147483647;
			files = (
			);
			runOnlyForDeploymentPostprocessing = 0;
		};
		AC3BF8851C98C78F00CB6983 /* Resources */ = {
			isa = PBXResourcesBuildPhase;
			buildActionMask = 2147483647;
			files = (
			);
			runOnlyForDeploymentPostprocessing = 0;
		};
/* End PBXResourcesBuildPhase section */

/* Begin PBXSourcesBuildPhase section */
		AC3BF8641C98C78F00CB6983 /* Sources */ = {
			isa = PBXSourcesBuildPhase;
			buildActionMask = 2147483647;
			files = (
				ACFDFAB71CA2092600DAED06 /* CurrentUser.swift in Sources */,
				AC3BF89E1C98D45B00CB6983 /* LoginViewController.swift in Sources */,
				AC8525831C98E1F1002C8E79 /* DetailWaitingViewController.swift in Sources */,
				AC3BF86C1C98C78F00CB6983 /* AppDelegate.swift in Sources */,
				0386D48D1C991F8D0052B643 /* UserAnnotation.swift in Sources */,
				AC3BF89C1C98CC3D00CB6983 /* SchedulingViewController.swift in Sources */,
				03CB3E311CAA2587007B542E /* HistoryTableViewCell.swift in Sources */,
				0386D4871C99159B0052B643 /* User.swift in Sources */,
				AC8525811C98E0BB002C8E79 /* DetailViewController.swift in Sources */,
				03CB3E2F1CAA0FC0007B542E /* Scheduling.swift in Sources */,
				AC3BF89A1C98CB7C00CB6983 /* MapaViewController.swift in Sources */,
				AC85257F1C98DF05002C8E79 /* HistoryTableViewController.swift in Sources */,
			);
			runOnlyForDeploymentPostprocessing = 0;
		};
		AC3BF8781C98C78F00CB6983 /* Sources */ = {
			isa = PBXSourcesBuildPhase;
			buildActionMask = 2147483647;
			files = (
				AC3BF8811C98C78F00CB6983 /* Dog_WalkerTests.swift in Sources */,
			);
			runOnlyForDeploymentPostprocessing = 0;
		};
		AC3BF8831C98C78F00CB6983 /* Sources */ = {
			isa = PBXSourcesBuildPhase;
			buildActionMask = 2147483647;
			files = (
				AC3BF88C1C98C78F00CB6983 /* Dog_WalkerUITests.swift in Sources */,
			);
			runOnlyForDeploymentPostprocessing = 0;
		};
/* End PBXSourcesBuildPhase section */

/* Begin PBXTargetDependency section */
		AC3BF87E1C98C78F00CB6983 /* PBXTargetDependency */ = {
			isa = PBXTargetDependency;
			target = AC3BF8671C98C78F00CB6983 /* Dog Walker */;
			targetProxy = AC3BF87D1C98C78F00CB6983 /* PBXContainerItemProxy */;
		};
		AC3BF8891C98C78F00CB6983 /* PBXTargetDependency */ = {
			isa = PBXTargetDependency;
			target = AC3BF8671C98C78F00CB6983 /* Dog Walker */;
			targetProxy = AC3BF8881C98C78F00CB6983 /* PBXContainerItemProxy */;
		};
/* End PBXTargetDependency section */

/* Begin PBXVariantGroup section */
		AC3BF86F1C98C78F00CB6983 /* Main.storyboard */ = {
			isa = PBXVariantGroup;
			children = (
				AC3BF8701C98C78F00CB6983 /* Base */,
			);
			name = Main.storyboard;
			sourceTree = "<group>";
		};
		AC3BF8741C98C78F00CB6983 /* LaunchScreen.storyboard */ = {
			isa = PBXVariantGroup;
			children = (
				AC3BF8751C98C78F00CB6983 /* Base */,
			);
			name = LaunchScreen.storyboard;
			sourceTree = "<group>";
		};
/* End PBXVariantGroup section */

/* Begin XCBuildConfiguration section */
		AC3BF88E1C98C78F00CB6983 /* Debug */ = {
			isa = XCBuildConfiguration;
			buildSettings = {
				ALWAYS_SEARCH_USER_PATHS = NO;
				CLANG_CXX_LANGUAGE_STANDARD = "gnu++0x";
				CLANG_CXX_LIBRARY = "libc++";
				CLANG_ENABLE_MODULES = YES;
				CLANG_ENABLE_OBJC_ARC = YES;
				CLANG_WARN_BOOL_CONVERSION = YES;
				CLANG_WARN_CONSTANT_CONVERSION = YES;
				CLANG_WARN_DIRECT_OBJC_ISA_USAGE = YES_ERROR;
				CLANG_WARN_EMPTY_BODY = YES;
				CLANG_WARN_ENUM_CONVERSION = YES;
				CLANG_WARN_INT_CONVERSION = YES;
				CLANG_WARN_OBJC_ROOT_CLASS = YES_ERROR;
				CLANG_WARN_UNREACHABLE_CODE = YES;
				CLANG_WARN__DUPLICATE_METHOD_MATCH = YES;
				"CODE_SIGN_IDENTITY[sdk=iphoneos*]" = "iPhone Developer";
				COPY_PHASE_STRIP = NO;
				DEBUG_INFORMATION_FORMAT = dwarf;
				ENABLE_STRICT_OBJC_MSGSEND = YES;
				ENABLE_TESTABILITY = YES;
				GCC_C_LANGUAGE_STANDARD = gnu99;
				GCC_DYNAMIC_NO_PIC = NO;
				GCC_NO_COMMON_BLOCKS = YES;
				GCC_OPTIMIZATION_LEVEL = 0;
				GCC_PREPROCESSOR_DEFINITIONS = (
					"DEBUG=1",
					"$(inherited)",
				);
				GCC_WARN_64_TO_32_BIT_CONVERSION = YES;
				GCC_WARN_ABOUT_RETURN_TYPE = YES_ERROR;
				GCC_WARN_UNDECLARED_SELECTOR = YES;
				GCC_WARN_UNINITIALIZED_AUTOS = YES_AGGRESSIVE;
				GCC_WARN_UNUSED_FUNCTION = YES;
				GCC_WARN_UNUSED_VARIABLE = YES;
				IPHONEOS_DEPLOYMENT_TARGET = 9.2;
				MTL_ENABLE_DEBUG_INFO = YES;
				ONLY_ACTIVE_ARCH = YES;
				SDKROOT = iphoneos;
				SWIFT_OPTIMIZATION_LEVEL = "-Onone";
			};
			name = Debug;
		};
		AC3BF88F1C98C78F00CB6983 /* Release */ = {
			isa = XCBuildConfiguration;
			buildSettings = {
				ALWAYS_SEARCH_USER_PATHS = NO;
				CLANG_CXX_LANGUAGE_STANDARD = "gnu++0x";
				CLANG_CXX_LIBRARY = "libc++";
				CLANG_ENABLE_MODULES = YES;
				CLANG_ENABLE_OBJC_ARC = YES;
				CLANG_WARN_BOOL_CONVERSION = YES;
				CLANG_WARN_CONSTANT_CONVERSION = YES;
				CLANG_WARN_DIRECT_OBJC_ISA_USAGE = YES_ERROR;
				CLANG_WARN_EMPTY_BODY = YES;
				CLANG_WARN_ENUM_CONVERSION = YES;
				CLANG_WARN_INT_CONVERSION = YES;
				CLANG_WARN_OBJC_ROOT_CLASS = YES_ERROR;
				CLANG_WARN_UNREACHABLE_CODE = YES;
				CLANG_WARN__DUPLICATE_METHOD_MATCH = YES;
				"CODE_SIGN_IDENTITY[sdk=iphoneos*]" = "iPhone Developer";
				COPY_PHASE_STRIP = NO;
				DEBUG_INFORMATION_FORMAT = "dwarf-with-dsym";
				ENABLE_NS_ASSERTIONS = NO;
				ENABLE_STRICT_OBJC_MSGSEND = YES;
				GCC_C_LANGUAGE_STANDARD = gnu99;
				GCC_NO_COMMON_BLOCKS = YES;
				GCC_WARN_64_TO_32_BIT_CONVERSION = YES;
				GCC_WARN_ABOUT_RETURN_TYPE = YES_ERROR;
				GCC_WARN_UNDECLARED_SELECTOR = YES;
				GCC_WARN_UNINITIALIZED_AUTOS = YES_AGGRESSIVE;
				GCC_WARN_UNUSED_FUNCTION = YES;
				GCC_WARN_UNUSED_VARIABLE = YES;
				IPHONEOS_DEPLOYMENT_TARGET = 9.2;
				MTL_ENABLE_DEBUG_INFO = NO;
				SDKROOT = iphoneos;
				VALIDATE_PRODUCT = YES;
			};
			name = Release;
		};
		AC3BF8911C98C78F00CB6983 /* Debug */ = {
			isa = XCBuildConfiguration;
			buildSettings = {
				ASSETCATALOG_COMPILER_APPICON_NAME = AppIcon;
				CODE_SIGN_IDENTITY = "iPhone Developer";
				"CODE_SIGN_IDENTITY[sdk=iphoneos*]" = "iPhone Developer";
				FRAMEWORK_SEARCH_PATHS = (
					"$(inherited)",
					"$(PROJECT_DIR)",
				);
				INFOPLIST_FILE = "Dog Walker/Info.plist";
				LD_RUNPATH_SEARCH_PATHS = "$(inherited) @executable_path/Frameworks";
				PRODUCT_BUNDLE_IDENTIFIER = "br.com.fiap.Dog-Walker";
				PRODUCT_NAME = "$(TARGET_NAME)";
				PROVISIONING_PROFILE = "";
			};
			name = Debug;
		};
		AC3BF8921C98C78F00CB6983 /* Release */ = {
			isa = XCBuildConfiguration;
			buildSettings = {
				ASSETCATALOG_COMPILER_APPICON_NAME = AppIcon;
				CODE_SIGN_IDENTITY = "iPhone Developer";
				"CODE_SIGN_IDENTITY[sdk=iphoneos*]" = "iPhone Developer";
				FRAMEWORK_SEARCH_PATHS = (
					"$(inherited)",
					"$(PROJECT_DIR)",
				);
				INFOPLIST_FILE = "Dog Walker/Info.plist";
				LD_RUNPATH_SEARCH_PATHS = "$(inherited) @executable_path/Frameworks";
				PRODUCT_BUNDLE_IDENTIFIER = "br.com.fiap.Dog-Walker";
				PRODUCT_NAME = "$(TARGET_NAME)";
				PROVISIONING_PROFILE = "";
			};
			name = Release;
		};
		AC3BF8941C98C78F00CB6983 /* Debug */ = {
			isa = XCBuildConfiguration;
			buildSettings = {
				BUNDLE_LOADER = "$(TEST_HOST)";
				INFOPLIST_FILE = "Dog WalkerTests/Info.plist";
				LD_RUNPATH_SEARCH_PATHS = "$(inherited) @executable_path/Frameworks @loader_path/Frameworks";
				PRODUCT_BUNDLE_IDENTIFIER = "br.com.fiap.Dog-WalkerTests";
				PRODUCT_NAME = "$(TARGET_NAME)";
				TEST_HOST = "$(BUILT_PRODUCTS_DIR)/Dog Walker.app/Dog Walker";
			};
			name = Debug;
		};
		AC3BF8951C98C78F00CB6983 /* Release */ = {
			isa = XCBuildConfiguration;
			buildSettings = {
				BUNDLE_LOADER = "$(TEST_HOST)";
				INFOPLIST_FILE = "Dog WalkerTests/Info.plist";
				LD_RUNPATH_SEARCH_PATHS = "$(inherited) @executable_path/Frameworks @loader_path/Frameworks";
				PRODUCT_BUNDLE_IDENTIFIER = "br.com.fiap.Dog-WalkerTests";
				PRODUCT_NAME = "$(TARGET_NAME)";
				TEST_HOST = "$(BUILT_PRODUCTS_DIR)/Dog Walker.app/Dog Walker";
			};
			name = Release;
		};
		AC3BF8971C98C78F00CB6983 /* Debug */ = {
			isa = XCBuildConfiguration;
			buildSettings = {
				INFOPLIST_FILE = "Dog WalkerUITests/Info.plist";
				LD_RUNPATH_SEARCH_PATHS = "$(inherited) @executable_path/Frameworks @loader_path/Frameworks";
				PRODUCT_BUNDLE_IDENTIFIER = "br.com.fiap.Dog-WalkerUITests";
				PRODUCT_NAME = "$(TARGET_NAME)";
				TEST_TARGET_NAME = "Dog Walker";
				USES_XCTRUNNER = YES;
			};
			name = Debug;
		};
		AC3BF8981C98C78F00CB6983 /* Release */ = {
			isa = XCBuildConfiguration;
			buildSettings = {
				INFOPLIST_FILE = "Dog WalkerUITests/Info.plist";
				LD_RUNPATH_SEARCH_PATHS = "$(inherited) @executable_path/Frameworks @loader_path/Frameworks";
				PRODUCT_BUNDLE_IDENTIFIER = "br.com.fiap.Dog-WalkerUITests";
				PRODUCT_NAME = "$(TARGET_NAME)";
				TEST_TARGET_NAME = "Dog Walker";
				USES_XCTRUNNER = YES;
			};
			name = Release;
		};
/* End XCBuildConfiguration section */

/* Begin XCConfigurationList section */
		AC3BF8631C98C78F00CB6983 /* Build configuration list for PBXProject "Dog Walker" */ = {
			isa = XCConfigurationList;
			buildConfigurations = (
				AC3BF88E1C98C78F00CB6983 /* Debug */,
				AC3BF88F1C98C78F00CB6983 /* Release */,
			);
			defaultConfigurationIsVisible = 0;
			defaultConfigurationName = Release;
		};
		AC3BF8901C98C78F00CB6983 /* Build configuration list for PBXNativeTarget "Dog Walker" */ = {
			isa = XCConfigurationList;
			buildConfigurations = (
				AC3BF8911C98C78F00CB6983 /* Debug */,
				AC3BF8921C98C78F00CB6983 /* Release */,
			);
			defaultConfigurationIsVisible = 0;
			defaultConfigurationName = Release;
		};
		AC3BF8931C98C78F00CB6983 /* Build configuration list for PBXNativeTarget "Dog WalkerTests" */ = {
			isa = XCConfigurationList;
			buildConfigurations = (
				AC3BF8941C98C78F00CB6983 /* Debug */,
				AC3BF8951C98C78F00CB6983 /* Release */,
			);
			defaultConfigurationIsVisible = 0;
			defaultConfigurationName = Release;
		};
		AC3BF8961C98C78F00CB6983 /* Build configuration list for PBXNativeTarget "Dog WalkerUITests" */ = {
			isa = XCConfigurationList;
			buildConfigurations = (
				AC3BF8971C98C78F00CB6983 /* Debug */,
				AC3BF8981C98C78F00CB6983 /* Release */,
			);
			defaultConfigurationIsVisible = 0;
			defaultConfigurationName = Release;
		};
/* End XCConfigurationList section */
	};
	rootObject = AC3BF8601C98C78F00CB6983 /* Project object */;
}
